// !$*UTF8*$!
{
	archiveVersion = 1;
	classes = {
	};
	objectVersion = 50;
	objects = {

/* Begin PBXBuildFile section */
		C465296421FF080F001CA92F /* PDFDeleteViewController.swift in Sources */ = {isa = PBXBuildFile; fileRef = C465296321FF080F001CA92F /* PDFDeleteViewController.swift */; };
		C465296721FF42B7001CA92F /* PDFSplitViewController.swift in Sources */ = {isa = PBXBuildFile; fileRef = C465296521FF42B7001CA92F /* PDFSplitViewController.swift */; };
		C49E8AD421E8649800FC036E /* AppDelegate.swift in Sources */ = {isa = PBXBuildFile; fileRef = C49E8AD321E8649800FC036E /* AppDelegate.swift */; };
		C49E8AD821E8649900FC036E /* Assets.xcassets in Resources */ = {isa = PBXBuildFile; fileRef = C49E8AD721E8649900FC036E /* Assets.xcassets */; };
		C49E8ADB21E8649900FC036E /* Main.storyboard in Resources */ = {isa = PBXBuildFile; fileRef = C49E8AD921E8649900FC036E /* Main.storyboard */; };
		C49E8AE721E8649900FC036E /* pdfMergeTests.swift in Sources */ = {isa = PBXBuildFile; fileRef = C49E8AE621E8649900FC036E /* pdfMergeTests.swift */; };
		C49E8AF221E8649900FC036E /* pdfMergeUITests.swift in Sources */ = {isa = PBXBuildFile; fileRef = C49E8AF121E8649900FC036E /* pdfMergeUITests.swift */; };
		C49E8B0221E865DF00FC036E /* PdfMergeutil.swift in Sources */ = {isa = PBXBuildFile; fileRef = C49E8B0121E865DF00FC036E /* PdfMergeutil.swift */; };
		C49E8B0521E8660200FC036E /* PDFViewCell.swift in Sources */ = {isa = PBXBuildFile; fileRef = C49E8B0321E8660200FC036E /* PDFViewCell.swift */; };
		C49E8B0621E8660200FC036E /* PDFViewController.swift in Sources */ = {isa = PBXBuildFile; fileRef = C49E8B0421E8660200FC036E /* PDFViewController.swift */; };
/* End PBXBuildFile section */

/* Begin PBXContainerItemProxy section */
		C49E8AE321E8649900FC036E /* PBXContainerItemProxy */ = {
			isa = PBXContainerItemProxy;
			containerPortal = C49E8AC821E8649800FC036E /* Project object */;
			proxyType = 1;
			remoteGlobalIDString = C49E8ACF21E8649800FC036E;
			remoteInfo = pdfMerge;
		};
		C49E8AEE21E8649900FC036E /* PBXContainerItemProxy */ = {
			isa = PBXContainerItemProxy;
			containerPortal = C49E8AC821E8649800FC036E /* Project object */;
			proxyType = 1;
			remoteGlobalIDString = C49E8ACF21E8649800FC036E;
			remoteInfo = pdfMerge;
		};
/* End PBXContainerItemProxy section */

/* Begin PBXFileReference section */
		C465296321FF080F001CA92F /* PDFDeleteViewController.swift */ = {isa = PBXFileReference; lastKnownFileType = sourcecode.swift; path = PDFDeleteViewController.swift; sourceTree = "<group>"; };
		C465296521FF42B7001CA92F /* PDFSplitViewController.swift */ = {isa = PBXFileReference; lastKnownFileType = sourcecode.swift; path = PDFSplitViewController.swift; sourceTree = "<group>"; };
		C49E8AD021E8649800FC036E /* PDF Merge.app */ = {isa = PBXFileReference; explicitFileType = wrapper.application; includeInIndex = 0; path = "PDF Merge.app"; sourceTree = BUILT_PRODUCTS_DIR; };
		C49E8AD321E8649800FC036E /* AppDelegate.swift */ = {isa = PBXFileReference; lastKnownFileType = sourcecode.swift; path = AppDelegate.swift; sourceTree = "<group>"; };
		C49E8AD721E8649900FC036E /* Assets.xcassets */ = {isa = PBXFileReference; lastKnownFileType = folder.assetcatalog; path = Assets.xcassets; sourceTree = "<group>"; };
		C49E8ADA21E8649900FC036E /* Base */ = {isa = PBXFileReference; lastKnownFileType = file.storyboard; name = Base; path = Base.lproj/Main.storyboard; sourceTree = "<group>"; };
		C49E8ADC21E8649900FC036E /* Info.plist */ = {isa = PBXFileReference; lastKnownFileType = text.plist.xml; path = Info.plist; sourceTree = "<group>"; };
		C49E8ADD21E8649900FC036E /* pdfMerge.entitlements */ = {isa = PBXFileReference; lastKnownFileType = text.plist.entitlements; path = pdfMerge.entitlements; sourceTree = "<group>"; };
		C49E8AE221E8649900FC036E /* pdfMergeTests.xctest */ = {isa = PBXFileReference; explicitFileType = wrapper.cfbundle; includeInIndex = 0; path = pdfMergeTests.xctest; sourceTree = BUILT_PRODUCTS_DIR; };
		C49E8AE621E8649900FC036E /* pdfMergeTests.swift */ = {isa = PBXFileReference; lastKnownFileType = sourcecode.swift; path = pdfMergeTests.swift; sourceTree = "<group>"; };
		C49E8AE821E8649900FC036E /* Info.plist */ = {isa = PBXFileReference; lastKnownFileType = text.plist.xml; path = Info.plist; sourceTree = "<group>"; };
		C49E8AED21E8649900FC036E /* pdfMergeUITests.xctest */ = {isa = PBXFileReference; explicitFileType = wrapper.cfbundle; includeInIndex = 0; path = pdfMergeUITests.xctest; sourceTree = BUILT_PRODUCTS_DIR; };
		C49E8AF121E8649900FC036E /* pdfMergeUITests.swift */ = {isa = PBXFileReference; lastKnownFileType = sourcecode.swift; path = pdfMergeUITests.swift; sourceTree = "<group>"; };
		C49E8AF321E8649900FC036E /* Info.plist */ = {isa = PBXFileReference; lastKnownFileType = text.plist.xml; path = Info.plist; sourceTree = "<group>"; };
		C49E8B0121E865DF00FC036E /* PdfMergeutil.swift */ = {isa = PBXFileReference; lastKnownFileType = sourcecode.swift; path = PdfMergeutil.swift; sourceTree = "<group>"; };
		C49E8B0321E8660200FC036E /* PDFViewCell.swift */ = {isa = PBXFileReference; fileEncoding = 4; lastKnownFileType = sourcecode.swift; path = PDFViewCell.swift; sourceTree = "<group>"; };
		C49E8B0421E8660200FC036E /* PDFViewController.swift */ = {isa = PBXFileReference; fileEncoding = 4; lastKnownFileType = sourcecode.swift; path = PDFViewController.swift; sourceTree = "<group>"; };
/* End PBXFileReference section */

/* Begin PBXFrameworksBuildPhase section */
		C49E8ACD21E8649800FC036E /* Frameworks */ = {
			isa = PBXFrameworksBuildPhase;
			buildActionMask = 2147483647;
			files = (
			);
			runOnlyForDeploymentPostprocessing = 0;
		};
		C49E8ADF21E8649900FC036E /* Frameworks */ = {
			isa = PBXFrameworksBuildPhase;
			buildActionMask = 2147483647;
			files = (
			);
			runOnlyForDeploymentPostprocessing = 0;
		};
		C49E8AEA21E8649900FC036E /* Frameworks */ = {
			isa = PBXFrameworksBuildPhase;
			buildActionMask = 2147483647;
			files = (
			);
			runOnlyForDeploymentPostprocessing = 0;
		};
/* End PBXFrameworksBuildPhase section */

/* Begin PBXGroup section */
		C465296121FF07C4001CA92F /* ViewController */ = {
			isa = PBXGroup;
			children = (
				C49E8B0321E8660200FC036E /* PDFViewCell.swift */,
				C49E8B0421E8660200FC036E /* PDFViewController.swift */,
				C465296321FF080F001CA92F /* PDFDeleteViewController.swift */,
				C465296521FF42B7001CA92F /* PDFSplitViewController.swift */,
			);
			path = ViewController;
			sourceTree = "<group>";
		};
		C465296221FF07D1001CA92F /* Helpers */ = {
			isa = PBXGroup;
			children = (
				C49E8B0121E865DF00FC036E /* PdfMergeutil.swift */,
			);
			path = Helpers;
			sourceTree = "<group>";
		};
		C49E8AC721E8649800FC036E = {
			isa = PBXGroup;
			children = (
				C49E8AD221E8649800FC036E /* pdfMerge */,
				C49E8AE521E8649900FC036E /* pdfMergeTests */,
				C49E8AF021E8649900FC036E /* pdfMergeUITests */,
				C49E8AD121E8649800FC036E /* Products */,
			);
			sourceTree = "<group>";
		};
		C49E8AD121E8649800FC036E /* Products */ = {
			isa = PBXGroup;
			children = (
				C49E8AD021E8649800FC036E /* PDF Merge.app */,
				C49E8AE221E8649900FC036E /* pdfMergeTests.xctest */,
				C49E8AED21E8649900FC036E /* pdfMergeUITests.xctest */,
			);
			name = Products;
			sourceTree = "<group>";
		};
		C49E8AD221E8649800FC036E /* pdfMerge */ = {
			isa = PBXGroup;
			children = (
				C465296221FF07D1001CA92F /* Helpers */,
				C465296121FF07C4001CA92F /* ViewController */,
				C49E8AD321E8649800FC036E /* AppDelegate.swift */,
				C49E8AD721E8649900FC036E /* Assets.xcassets */,
				C49E8AD921E8649900FC036E /* Main.storyboard */,
				C49E8ADC21E8649900FC036E /* Info.plist */,
				C49E8ADD21E8649900FC036E /* pdfMerge.entitlements */,
			);
			path = pdfMerge;
			sourceTree = "<group>";
		};
		C49E8AE521E8649900FC036E /* pdfMergeTests */ = {
			isa = PBXGroup;
			children = (
				C49E8AE621E8649900FC036E /* pdfMergeTests.swift */,
				C49E8AE821E8649900FC036E /* Info.plist */,
			);
			path = pdfMergeTests;
			sourceTree = "<group>";
		};
		C49E8AF021E8649900FC036E /* pdfMergeUITests */ = {
			isa = PBXGroup;
			children = (
				C49E8AF121E8649900FC036E /* pdfMergeUITests.swift */,
				C49E8AF321E8649900FC036E /* Info.plist */,
			);
			path = pdfMergeUITests;
			sourceTree = "<group>";
		};
/* End PBXGroup section */

/* Begin PBXNativeTarget section */
		C49E8ACF21E8649800FC036E /* pdfMerge */ = {
			isa = PBXNativeTarget;
			buildConfigurationList = C49E8AF621E8649900FC036E /* Build configuration list for PBXNativeTarget "pdfMerge" */;
			buildPhases = (
				C49E8ACC21E8649800FC036E /* Sources */,
				C49E8ACD21E8649800FC036E /* Frameworks */,
				C49E8ACE21E8649800FC036E /* Resources */,
			);
			buildRules = (
			);
			dependencies = (
			);
			name = pdfMerge;
			productName = pdfMerge;
			productReference = C49E8AD021E8649800FC036E /* PDF Merge.app */;
			productType = "com.apple.product-type.application";
		};
		C49E8AE121E8649900FC036E /* pdfMergeTests */ = {
			isa = PBXNativeTarget;
			buildConfigurationList = C49E8AF921E8649900FC036E /* Build configuration list for PBXNativeTarget "pdfMergeTests" */;
			buildPhases = (
				C49E8ADE21E8649900FC036E /* Sources */,
				C49E8ADF21E8649900FC036E /* Frameworks */,
				C49E8AE021E8649900FC036E /* Resources */,
			);
			buildRules = (
			);
			dependencies = (
				C49E8AE421E8649900FC036E /* PBXTargetDependency */,
			);
			name = pdfMergeTests;
			productName = pdfMergeTests;
			productReference = C49E8AE221E8649900FC036E /* pdfMergeTests.xctest */;
			productType = "com.apple.product-type.bundle.unit-test";
		};
		C49E8AEC21E8649900FC036E /* pdfMergeUITests */ = {
			isa = PBXNativeTarget;
			buildConfigurationList = C49E8AFC21E8649900FC036E /* Build configuration list for PBXNativeTarget "pdfMergeUITests" */;
			buildPhases = (
				C49E8AE921E8649900FC036E /* Sources */,
				C49E8AEA21E8649900FC036E /* Frameworks */,
				C49E8AEB21E8649900FC036E /* Resources */,
			);
			buildRules = (
			);
			dependencies = (
				C49E8AEF21E8649900FC036E /* PBXTargetDependency */,
			);
			name = pdfMergeUITests;
			productName = pdfMergeUITests;
			productReference = C49E8AED21E8649900FC036E /* pdfMergeUITests.xctest */;
			productType = "com.apple.product-type.bundle.ui-testing";
		};
/* End PBXNativeTarget section */

/* Begin PBXProject section */
		C49E8AC821E8649800FC036E /* Project object */ = {
			isa = PBXProject;
			attributes = {
				LastSwiftUpdateCheck = 1010;
				LastUpgradeCheck = 1010;
				ORGANIZATIONNAME = ZLM;
				TargetAttributes = {
					C49E8ACF21E8649800FC036E = {
						CreatedOnToolsVersion = 10.1;
					};
					C49E8AE121E8649900FC036E = {
						CreatedOnToolsVersion = 10.1;
						TestTargetID = C49E8ACF21E8649800FC036E;
					};
					C49E8AEC21E8649900FC036E = {
						CreatedOnToolsVersion = 10.1;
						TestTargetID = C49E8ACF21E8649800FC036E;
					};
				};
			};
			buildConfigurationList = C49E8ACB21E8649800FC036E /* Build configuration list for PBXProject "pdfMerge" */;
			compatibilityVersion = "Xcode 9.3";
			developmentRegion = en;
			hasScannedForEncodings = 0;
			knownRegions = (
				en,
				Base,
			);
			mainGroup = C49E8AC721E8649800FC036E;
			productRefGroup = C49E8AD121E8649800FC036E /* Products */;
			projectDirPath = "";
			projectRoot = "";
			targets = (
				C49E8ACF21E8649800FC036E /* pdfMerge */,
				C49E8AE121E8649900FC036E /* pdfMergeTests */,
				C49E8AEC21E8649900FC036E /* pdfMergeUITests */,
			);
		};
/* End PBXProject section */

/* Begin PBXResourcesBuildPhase section */
		C49E8ACE21E8649800FC036E /* Resources */ = {
			isa = PBXResourcesBuildPhase;
			buildActionMask = 2147483647;
			files = (
				C49E8AD821E8649900FC036E /* Assets.xcassets in Resources */,
				C49E8ADB21E8649900FC036E /* Main.storyboard in Resources */,
			);
			runOnlyForDeploymentPostprocessing = 0;
		};
		C49E8AE021E8649900FC036E /* Resources */ = {
			isa = PBXResourcesBuildPhase;
			buildActionMask = 2147483647;
			files = (
			);
			runOnlyForDeploymentPostprocessing = 0;
		};
		C49E8AEB21E8649900FC036E /* Resources */ = {
			isa = PBXResourcesBuildPhase;
			buildActionMask = 2147483647;
			files = (
			);
			runOnlyForDeploymentPostprocessing = 0;
		};
/* End PBXResourcesBuildPhase section */

/* Begin PBXSourcesBuildPhase section */
		C49E8ACC21E8649800FC036E /* Sources */ = {
			isa = PBXSourcesBuildPhase;
			buildActionMask = 2147483647;
			files = (
				C49E8B0221E865DF00FC036E /* PdfMergeutil.swift in Sources */,
				C49E8AD421E8649800FC036E /* AppDelegate.swift in Sources */,
				C465296421FF080F001CA92F /* PDFDeleteViewController.swift in Sources */,
				C49E8B0521E8660200FC036E /* PDFViewCell.swift in Sources */,
				C465296721FF42B7001CA92F /* PDFSplitViewController.swift in Sources */,
				C49E8B0621E8660200FC036E /* PDFViewController.swift in Sources */,
			);
			runOnlyForDeploymentPostprocessing = 0;
		};
		C49E8ADE21E8649900FC036E /* Sources */ = {
			isa = PBXSourcesBuildPhase;
			buildActionMask = 2147483647;
			files = (
				C49E8AE721E8649900FC036E /* pdfMergeTests.swift in Sources */,
			);
			runOnlyForDeploymentPostprocessing = 0;
		};
		C49E8AE921E8649900FC036E /* Sources */ = {
			isa = PBXSourcesBuildPhase;
			buildActionMask = 2147483647;
			files = (
				C49E8AF221E8649900FC036E /* pdfMergeUITests.swift in Sources */,
			);
			runOnlyForDeploymentPostprocessing = 0;
		};
/* End PBXSourcesBuildPhase section */

/* Begin PBXTargetDependency section */
		C49E8AE421E8649900FC036E /* PBXTargetDependency */ = {
			isa = PBXTargetDependency;
			target = C49E8ACF21E8649800FC036E /* pdfMerge */;
			targetProxy = C49E8AE321E8649900FC036E /* PBXContainerItemProxy */;
		};
		C49E8AEF21E8649900FC036E /* PBXTargetDependency */ = {
			isa = PBXTargetDependency;
			target = C49E8ACF21E8649800FC036E /* pdfMerge */;
			targetProxy = C49E8AEE21E8649900FC036E /* PBXContainerItemProxy */;
		};
/* End PBXTargetDependency section */

/* Begin PBXVariantGroup section */
		C49E8AD921E8649900FC036E /* Main.storyboard */ = {
			isa = PBXVariantGroup;
			children = (
				C49E8ADA21E8649900FC036E /* Base */,
			);
			name = Main.storyboard;
			sourceTree = "<group>";
		};
/* End PBXVariantGroup section */

/* Begin XCBuildConfiguration section */
		C49E8AF421E8649900FC036E /* Debug */ = {
			isa = XCBuildConfiguration;
			buildSettings = {
				ALWAYS_SEARCH_USER_PATHS = NO;
				CLANG_ANALYZER_NONNULL = YES;
				CLANG_ANALYZER_NUMBER_OBJECT_CONVERSION = YES_AGGRESSIVE;
				CLANG_CXX_LANGUAGE_STANDARD = "gnu++14";
				CLANG_CXX_LIBRARY = "libc++";
				CLANG_ENABLE_MODULES = YES;
				CLANG_ENABLE_OBJC_ARC = YES;
				CLANG_ENABLE_OBJC_WEAK = YES;
				CLANG_WARN_BLOCK_CAPTURE_AUTORELEASING = YES;
				CLANG_WARN_BOOL_CONVERSION = YES;
				CLANG_WARN_COMMA = YES;
				CLANG_WARN_CONSTANT_CONVERSION = YES;
				CLANG_WARN_DEPRECATED_OBJC_IMPLEMENTATIONS = YES;
				CLANG_WARN_DIRECT_OBJC_ISA_USAGE = YES_ERROR;
				CLANG_WARN_DOCUMENTATION_COMMENTS = YES;
				CLANG_WARN_EMPTY_BODY = YES;
				CLANG_WARN_ENUM_CONVERSION = YES;
				CLANG_WARN_INFINITE_RECURSION = YES;
				CLANG_WARN_INT_CONVERSION = YES;
				CLANG_WARN_NON_LITERAL_NULL_CONVERSION = YES;
				CLANG_WARN_OBJC_IMPLICIT_RETAIN_SELF = YES;
				CLANG_WARN_OBJC_LITERAL_CONVERSION = YES;
				CLANG_WARN_OBJC_ROOT_CLASS = YES_ERROR;
				CLANG_WARN_RANGE_LOOP_ANALYSIS = YES;
				CLANG_WARN_STRICT_PROTOTYPES = YES;
				CLANG_WARN_SUSPICIOUS_MOVE = YES;
				CLANG_WARN_UNGUARDED_AVAILABILITY = YES_AGGRESSIVE;
				CLANG_WARN_UNREACHABLE_CODE = YES;
				CLANG_WARN__DUPLICATE_METHOD_MATCH = YES;
				CODE_SIGN_IDENTITY = "Mac Developer";
				COPY_PHASE_STRIP = NO;
				DEBUG_INFORMATION_FORMAT = dwarf;
				ENABLE_STRICT_OBJC_MSGSEND = YES;
				ENABLE_TESTABILITY = YES;
				GCC_C_LANGUAGE_STANDARD = gnu11;
				GCC_DYNAMIC_NO_PIC = NO;
				GCC_NO_COMMON_BLOCKS = YES;
				GCC_OPTIMIZATION_LEVEL = 0;
				GCC_PREPROCESSOR_DEFINITIONS = (
					"DEBUG=1",
					"$(inherited)",
				);
				GCC_WARN_64_TO_32_BIT_CONVERSION = YES;
				GCC_WARN_ABOUT_RETURN_TYPE = YES_ERROR;
				GCC_WARN_UNDECLARED_SELECTOR = YES;
				GCC_WARN_UNINITIALIZED_AUTOS = YES_AGGRESSIVE;
				GCC_WARN_UNUSED_FUNCTION = YES;
				GCC_WARN_UNUSED_VARIABLE = YES;
				MACOSX_DEPLOYMENT_TARGET = 10.11;
				MTL_ENABLE_DEBUG_INFO = INCLUDE_SOURCE;
				MTL_FAST_MATH = YES;
				ONLY_ACTIVE_ARCH = YES;
				PRODUCT_NAME = "PDF Merge";
				SDKROOT = macosx;
				SWIFT_ACTIVE_COMPILATION_CONDITIONS = DEBUG;
				SWIFT_OPTIMIZATION_LEVEL = "-Onone";
			};
			name = Debug;
		};
		C49E8AF521E8649900FC036E /* Release */ = {
			isa = XCBuildConfiguration;
			buildSettings = {
				ALWAYS_SEARCH_USER_PATHS = NO;
				CLANG_ANALYZER_NONNULL = YES;
				CLANG_ANALYZER_NUMBER_OBJECT_CONVERSION = YES_AGGRESSIVE;
				CLANG_CXX_LANGUAGE_STANDARD = "gnu++14";
				CLANG_CXX_LIBRARY = "libc++";
				CLANG_ENABLE_MODULES = YES;
				CLANG_ENABLE_OBJC_ARC = YES;
				CLANG_ENABLE_OBJC_WEAK = YES;
				CLANG_WARN_BLOCK_CAPTURE_AUTORELEASING = YES;
				CLANG_WARN_BOOL_CONVERSION = YES;
				CLANG_WARN_COMMA = YES;
				CLANG_WARN_CONSTANT_CONVERSION = YES;
				CLANG_WARN_DEPRECATED_OBJC_IMPLEMENTATIONS = YES;
				CLANG_WARN_DIRECT_OBJC_ISA_USAGE = YES_ERROR;
				CLANG_WARN_DOCUMENTATION_COMMENTS = YES;
				CLANG_WARN_EMPTY_BODY = YES;
				CLANG_WARN_ENUM_CONVERSION = YES;
				CLANG_WARN_INFINITE_RECURSION = YES;
				CLANG_WARN_INT_CONVERSION = YES;
				CLANG_WARN_NON_LITERAL_NULL_CONVERSION = YES;
				CLANG_WARN_OBJC_IMPLICIT_RETAIN_SELF = YES;
				CLANG_WARN_OBJC_LITERAL_CONVERSION = YES;
				CLANG_WARN_OBJC_ROOT_CLASS = YES_ERROR;
				CLANG_WARN_RANGE_LOOP_ANALYSIS = YES;
				CLANG_WARN_STRICT_PROTOTYPES = YES;
				CLANG_WARN_SUSPICIOUS_MOVE = YES;
				CLANG_WARN_UNGUARDED_AVAILABILITY = YES_AGGRESSIVE;
				CLANG_WARN_UNREACHABLE_CODE = YES;
				CLANG_WARN__DUPLICATE_METHOD_MATCH = YES;
				CODE_SIGN_IDENTITY = "Mac Developer";
				COPY_PHASE_STRIP = NO;
				DEBUG_INFORMATION_FORMAT = "dwarf-with-dsym";
				ENABLE_NS_ASSERTIONS = NO;
				ENABLE_STRICT_OBJC_MSGSEND = YES;
				GCC_C_LANGUAGE_STANDARD = gnu11;
				GCC_NO_COMMON_BLOCKS = YES;
				GCC_WARN_64_TO_32_BIT_CONVERSION = YES;
				GCC_WARN_ABOUT_RETURN_TYPE = YES_ERROR;
				GCC_WARN_UNDECLARED_SELECTOR = YES;
				GCC_WARN_UNINITIALIZED_AUTOS = YES_AGGRESSIVE;
				GCC_WARN_UNUSED_FUNCTION = YES;
				GCC_WARN_UNUSED_VARIABLE = YES;
				MACOSX_DEPLOYMENT_TARGET = 10.11;
				MTL_ENABLE_DEBUG_INFO = NO;
				MTL_FAST_MATH = YES;
				PRODUCT_NAME = "PDF Merge";
				SDKROOT = macosx;
				SWIFT_COMPILATION_MODE = wholemodule;
				SWIFT_OPTIMIZATION_LEVEL = "-O";
			};
			name = Release;
		};
		C49E8AF721E8649900FC036E /* Debug */ = {
			isa = XCBuildConfiguration;
			buildSettings = {
				ASSETCATALOG_COMPILER_APPICON_NAME = AppIcon;
				CODE_SIGN_STYLE = Automatic;
				COMBINE_HIDPI_IMAGES = YES;
				DEVELOPMENT_TEAM = FA222CQ7R2;
				INFOPLIST_FILE = pdfMerge/Info.plist;
				LD_RUNPATH_SEARCH_PATHS = (
					"$(inherited)",
					"@executable_path/../Frameworks",
				);
				PRODUCT_BUNDLE_IDENTIFIER = com.zlm.pdfMerge;
				PRODUCT_NAME = "PDF Merge";
				SWIFT_VERSION = 4.2;
			};
			name = Debug;
		};
		C49E8AF821E8649900FC036E /* Release */ = {
			isa = XCBuildConfiguration;
			buildSettings = {
				ASSETCATALOG_COMPILER_APPICON_NAME = AppIcon;
				CODE_SIGN_STYLE = Automatic;
				COMBINE_HIDPI_IMAGES = YES;
				DEVELOPMENT_TEAM = FA222CQ7R2;
				INFOPLIST_FILE = pdfMerge/Info.plist;
				LD_RUNPATH_SEARCH_PATHS = (
					"$(inherited)",
					"@executable_path/../Frameworks",
				);
				PRODUCT_BUNDLE_IDENTIFIER = com.zlm.pdfMerge;
				PRODUCT_NAME = "PDF Merge";
				SWIFT_VERSION = 4.2;
			};
			name = Release;
		};
		C49E8AFA21E8649900FC036E /* Debug */ = {
			isa = XCBuildConfiguration;
			buildSettings = {
				ALWAYS_EMBED_SWIFT_STANDARD_LIBRARIES = YES;
				BUNDLE_LOADER = "$(TEST_HOST)";
				CODE_SIGN_STYLE = Automatic;
				COMBINE_HIDPI_IMAGES = YES;
				DEVELOPMENT_TEAM = FA222CQ7R2;
				INFOPLIST_FILE = pdfMergeTests/Info.plist;
				LD_RUNPATH_SEARCH_PATHS = (
					"$(inherited)",
					"@executable_path/../Frameworks",
					"@loader_path/../Frameworks",
				);
				PRODUCT_BUNDLE_IDENTIFIER = com.zlm.pdfMergeTests;
				PRODUCT_NAME = "$(TARGET_NAME)";
				SWIFT_VERSION = 4.2;
				TEST_HOST = "$(BUILT_PRODUCTS_DIR)/pdfMerge.app/Contents/MacOS/pdfMerge";
			};
			name = Debug;
		};
		C49E8AFB21E8649900FC036E /* Release */ = {
			isa = XCBuildConfiguration;
			buildSettings = {
				ALWAYS_EMBED_SWIFT_STANDARD_LIBRARIES = YES;
				BUNDLE_LOADER = "$(TEST_HOST)";
				CODE_SIGN_STYLE = Automatic;
				COMBINE_HIDPI_IMAGES = YES;
				DEVELOPMENT_TEAM = FA222CQ7R2;
				INFOPLIST_FILE = pdfMergeTests/Info.plist;
				LD_RUNPATH_SEARCH_PATHS = (
					"$(inherited)",
					"@executable_path/../Frameworks",
					"@loader_path/../Frameworks",
				);
				PRODUCT_BUNDLE_IDENTIFIER = com.zlm.pdfMergeTests;
				PRODUCT_NAME = "$(TARGET_NAME)";
				SWIFT_VERSION = 4.2;
				TEST_HOST = "$(BUILT_PRODUCTS_DIR)/pdfMerge.app/Contents/MacOS/pdfMerge";
			};
			name = Release;
		};
		C49E8AFD21E8649900FC036E /* Debug */ = {
			isa = XCBuildConfiguration;
			buildSettings = {
				ALWAYS_EMBED_SWIFT_STANDARD_LIBRARIES = YES;
				CODE_SIGN_STYLE = Automatic;
				COMBINE_HIDPI_IMAGES = YES;
				DEVELOPMENT_TEAM = FA222CQ7R2;
				INFOPLIST_FILE = pdfMergeUITests/Info.plist;
				LD_RUNPATH_SEARCH_PATHS = (
					"$(inherited)",
					"@executable_path/../Frameworks",
					"@loader_path/../Frameworks",
				);
				PRODUCT_BUNDLE_IDENTIFIER = com.zlm.pdfMergeUITests;
				PRODUCT_NAME = "$(TARGET_NAME)";
				SWIFT_VERSION = 4.2;
				TEST_TARGET_NAME = pdfMerge;
			};
			name = Debug;
		};
		C49E8AFE21E8649900FC036E /* Release */ = {
			isa = XCBuildConfiguration;
			buildSettings = {
				ALWAYS_EMBED_SWIFT_STANDARD_LIBRARIES = YES;
				CODE_SIGN_STYLE = Automatic;
				COMBINE_HIDPI_IMAGES = YES;
				DEVELOPMENT_TEAM = FA222CQ7R2;
				INFOPLIST_FILE = pdfMergeUITests/Info.plist;
				LD_RUNPATH_SEARCH_PATHS = (
					"$(inherited)",
					"@executable_path/../Frameworks",
					"@loader_path/../Frameworks",
				);
				PRODUCT_BUNDLE_IDENTIFIER = com.zlm.pdfMergeUITests;
				PRODUCT_NAME = "$(TARGET_NAME)";
				SWIFT_VERSION = 4.2;
				TEST_TARGET_NAME = pdfMerge;
			};
			name = Release;
		};
/* End XCBuildConfiguration section */

/* Begin XCConfigurationList section */
		C49E8ACB21E8649800FC036E /* Build configuration list for PBXProject "pdfMerge" */ = {
			isa = XCConfigurationList;
			buildConfigurations = (
				C49E8AF421E8649900FC036E /* Debug */,
				C49E8AF521E8649900FC036E /* Release */,
			);
			defaultConfigurationIsVisible = 0;
			defaultConfigurationName = Release;
		};
		C49E8AF621E8649900FC036E /* Build configuration list for PBXNativeTarget "pdfMerge" */ = {
			isa = XCConfigurationList;
			buildConfigurations = (
				C49E8AF721E8649900FC036E /* Debug */,
				C49E8AF821E8649900FC036E /* Release */,
			);
			defaultConfigurationIsVisible = 0;
			defaultConfigurationName = Release;
		};
		C49E8AF921E8649900FC036E /* Build configuration list for PBXNativeTarget "pdfMergeTests" */ = {
			isa = XCConfigurationList;
			buildConfigurations = (
				C49E8AFA21E8649900FC036E /* Debug */,
				C49E8AFB21E8649900FC036E /* Release */,
			);
			defaultConfigurationIsVisible = 0;
			defaultConfigurationName = Release;
		};
		C49E8AFC21E8649900FC036E /* Build configuration list for PBXNativeTarget "pdfMergeUITests" */ = {
			isa = XCConfigurationList;
			buildConfigurations = (
				C49E8AFD21E8649900FC036E /* Debug */,
				C49E8AFE21E8649900FC036E /* Release */,
			);
			defaultConfigurationIsVisible = 0;
			defaultConfigurationName = Release;
		};
/* End XCConfigurationList section */
	};
	rootObject = C49E8AC821E8649800FC036E /* Project object */;
}
